
Microsoft Visual Studio Solution File, Format Version 12.00
# Visual Studio Version 17
VisualStudioVersion = 17.0.32014.148
MinimumVisualStudioVersion = 10.0.40219.1
Project("{9A19103F-16F7-4668-BE54-9A1E7A4F7556}") = "ProxyPattern", "ProxyPattern\ProxyPattern.csproj", "{5511DC22-00EA-4D80-8294-A32A48A7E98E}"
EndProject
Project("{FAE04EC0-301F-11D3-BF4B-00C04F79EFBC}") = "AbstractCoupling", "AbstractCoupling\AbstractCoupling.csproj", "{7C8A2E47-038B-44E6-8F84-50CC839A224A}"
EndProject
Project("{FAE04EC0-301F-11D3-BF4B-00C04F79EFBC}") = "Polymorphism", "AbstractCoupling2\Polymorphism.csproj", "{F0ABCA65-173C-4AE5-BAA0-B9216C5222E6}"
EndProject
Project("{FAE04EC0-301F-11D3-BF4B-00C04F79EFBC}") = "CouplingAndChoesionApp", "CouplingAndChoesionApp\CouplingAndChoesionApp.csproj", "{51E1A939-B902-4D9F-A1C5-B9336C8F9E5F}"
EndProject
Project("{FAE04EC0-301F-11D3-BF4B-00C04F79EFBC}") = "Anemic", "Anemic\Anemic.csproj", "{11FCC3CA-72D4-4840-8420-329CE647708E}"
EndProject
Global
	GlobalSection(SolutionConfigurationPlatforms) = preSolution
		Debug|Any CPU = Debug|Any CPU
		Release|Any CPU = Release|Any CPU
	EndGlobalSection
	GlobalSection(ProjectConfigurationPlatforms) = postSolution
		{5511DC22-00EA-4D80-8294-A32A48A7E98E}.Debug|Any CPU.ActiveCfg = Debug|Any CPU
		{5511DC22-00EA-4D80-8294-A32A48A7E98E}.Debug|Any CPU.Build.0 = Debug|Any CPU
		{5511DC22-00EA-4D80-8294-A32A48A7E98E}.Release|Any CPU.ActiveCfg = Release|Any CPU
		{5511DC22-00EA-4D80-8294-A32A48A7E98E}.Release|Any CPU.Build.0 = Release|Any CPU
		{7C8A2E47-038B-44E6-8F84-50CC839A224A}.Debug|Any CPU.ActiveCfg = Debug|Any CPU
		{7C8A2E47-038B-44E6-8F84-50CC839A224A}.Debug|Any CPU.Build.0 = Debug|Any CPU
		{7C8A2E47-038B-44E6-8F84-50CC839A224A}.Release|Any CPU.ActiveCfg = Release|Any CPU
		{7C8A2E47-038B-44E6-8F84-50CC839A224A}.Release|Any CPU.Build.0 = Release|Any CPU
		{F0ABCA65-173C-4AE5-BAA0-B9216C5222E6}.Debug|Any CPU.ActiveCfg = Debug|Any CPU
		{F0ABCA65-173C-4AE5-BAA0-B9216C5222E6}.Debug|Any CPU.Build.0 = Debug|Any CPU
		{F0ABCA65-173C-4AE5-BAA0-B9216C5222E6}.Release|Any CPU.ActiveCfg = Release|Any CPU
		{F0ABCA65-173C-4AE5-BAA0-B9216C5222E6}.Release|Any CPU.Build.0 = Release|Any CPU
		{51E1A939-B902-4D9F-A1C5-B9336C8F9E5F}.Debug|Any CPU.ActiveCfg = Debug|Any CPU
		{51E1A939-B902-4D9F-A1C5-B9336C8F9E5F}.Debug|Any CPU.Build.0 = Debug|Any CPU
		{51E1A939-B902-4D9F-A1C5-B9336C8F9E5F}.Release|Any CPU.ActiveCfg = Release|Any CPU
		{51E1A939-B902-4D9F-A1C5-B9336C8F9E5F}.Release|Any CPU.Build.0 = Release|Any CPU
		{11FCC3CA-72D4-4840-8420-329CE647708E}.Debug|Any CPU.ActiveCfg = Debug|Any CPU
		{11FCC3CA-72D4-4840-8420-329CE647708E}.Debug|Any CPU.Build.0 = Debug|Any CPU
		{11FCC3CA-72D4-4840-8420-329CE647708E}.Release|Any CPU.ActiveCfg = Release|Any CPU
		{11FCC3CA-72D4-4840-8420-329CE647708E}.Release|Any CPU.Build.0 = Release|Any CPU
	EndGlobalSection
	GlobalSection(SolutionProperties) = preSolution
		HideSolutionNode = FALSE
	EndGlobalSection
	GlobalSection(ExtensibilityGlobals) = postSolution
		SolutionGuid = {4DB9E785-68C0-4A9E-A046-B11F25845DF8}
	EndGlobalSection
EndGlobal
